
Microsoft Visual Studio Solution File, Format Version 12.00
# Visual Studio 2013
VisualStudioVersion = 12.0.40629.0
MinimumVisualStudioVersion = 10.0.40219.1
Project("{8BC9CEB8-8B4A-11D0-8D11-00A0C91BC942}") = "FCF_test", "FCF_test\FCF_test.vcxproj", "{BF6C1AB4-3229-4C34-816F-61A3632E9020}"
EndProject
Global
	GlobalSection(SolutionConfigurationPlatforms) = preSolution
		Debug|Win32 = Debug|Win32
		Release|Win32 = Release|Win32
	EndGlobalSection
	GlobalSection(ProjectConfigurationPlatforms) = postSolution
		{BF6C1AB4-3229-4C34-816F-61A3632E9020}.Debug|Win32.ActiveCfg = Debug|Win32
		{BF6C1AB4-3229-4C34-816F-61A3632E9020}.Debug|Win32.Build.0 = Debug|Win32
		{BF6C1AB4-3229-4C34-816F-61A3632E9020}.Release|Win32.ActiveCfg = Release|Win32
		{BF6C1AB4-3229-4C34-816F-61A3632E9020}.Release|Win32.Build.0 = Release|Win32
	EndGlobalSection
	GlobalSection(SolutionProperties) = preSolution
		HideSolutionNode = FALSE
	EndGlobalSection
EndGlobal
